
Microsoft Visual Studio Solution File, Format Version 12.00
Project("{2150E333-8FDC-42A3-9474-1A3956D46DE8}") = "Applications", "Applications", "{4B64E304-7C4F-4CA0-9800-1776BDE895DF}"
EndProject
Project("{2150E333-8FDC-42A3-9474-1A3956D46DE8}") = "Libraries", "Libraries", "{5E366A65-D138-4F6D-BFBD-D37164911D72}"
EndProject
Project("{FAE04EC0-301F-11D3-BF4B-00C04F79EFBC}") = "Excuses.WebApi.Server", "Applications\Excuses.WebApi.Server\Excuses.WebApi.Server.csproj", "{B2A5E18F-D308-4599-B5E5-6BB1E93136E2}"
EndProject
Project("{FAE04EC0-301F-11D3-BF4B-00C04F79EFBC}") = "Excuses.Persistence.EFCore", "Libraries\Excuses.Persistence.EFCore\Excuses.Persistence.EFCore.csproj", "{90474492-F182-4664-BF00-78AE1B7E5E06}"
EndProject
Project("{FAE04EC0-301F-11D3-BF4B-00C04F79EFBC}") = "Excuses.Persistence.InMemory", "Libraries\Excuses.Persistence.InMemory\Excuses.Persistence.InMemory.csproj", "{EFA17DD7-4D2C-4B5F-B5EE-D2D97728EE85}"
EndProject
Project("{FAE04EC0-301F-11D3-BF4B-00C04F79EFBC}") = "Excuses.Persistence.Shared", "Libraries\Excuses.Persistence.Shared\Excuses.Persistence.Shared.csproj", "{856BBF82-68A8-450E-B5F0-7AA89EA80D44}"
EndProject
Project("{2150E333-8FDC-42A3-9474-1A3956D46DE8}") = "Solution Items", "Solution Items", "{43894FDD-A18B-462F-9186-82A02DBF62F5}"
	ProjectSection(SolutionItems) = preProject
		docker-compose.yml = docker-compose.yml
		docker-compose.prod.yml = docker-compose.prod.yml
	EndProjectSection
EndProject
Project("{FAE04EC0-301F-11D3-BF4B-00C04F79EFBC}") = "Excuses.Blazor.Wasm", "Applications\Excuses.Blazor.Wasm\Excuses.Blazor.Wasm.csproj", "{020BF603-23DF-46E3-9100-B7EB394185A8}"
EndProject
Global
	GlobalSection(SolutionConfigurationPlatforms) = preSolution
		Debug|Any CPU = Debug|Any CPU
		Release|Any CPU = Release|Any CPU
	EndGlobalSection
	GlobalSection(NestedProjects) = preSolution
		{B2A5E18F-D308-4599-B5E5-6BB1E93136E2} = {4B64E304-7C4F-4CA0-9800-1776BDE895DF}
		{90474492-F182-4664-BF00-78AE1B7E5E06} = {5E366A65-D138-4F6D-BFBD-D37164911D72}
		{EFA17DD7-4D2C-4B5F-B5EE-D2D97728EE85} = {5E366A65-D138-4F6D-BFBD-D37164911D72}
		{856BBF82-68A8-450E-B5F0-7AA89EA80D44} = {5E366A65-D138-4F6D-BFBD-D37164911D72}
		{020BF603-23DF-46E3-9100-B7EB394185A8} = {4B64E304-7C4F-4CA0-9800-1776BDE895DF}
	EndGlobalSection
	GlobalSection(ProjectConfigurationPlatforms) = postSolution
		{B2A5E18F-D308-4599-B5E5-6BB1E93136E2}.Debug|Any CPU.ActiveCfg = Debug|Any CPU
		{B2A5E18F-D308-4599-B5E5-6BB1E93136E2}.Debug|Any CPU.Build.0 = Debug|Any CPU
		{B2A5E18F-D308-4599-B5E5-6BB1E93136E2}.Release|Any CPU.ActiveCfg = Release|Any CPU
		{B2A5E18F-D308-4599-B5E5-6BB1E93136E2}.Release|Any CPU.Build.0 = Release|Any CPU
		{90474492-F182-4664-BF00-78AE1B7E5E06}.Debug|Any CPU.ActiveCfg = Debug|Any CPU
		{90474492-F182-4664-BF00-78AE1B7E5E06}.Debug|Any CPU.Build.0 = Debug|Any CPU
		{90474492-F182-4664-BF00-78AE1B7E5E06}.Release|Any CPU.ActiveCfg = Release|Any CPU
		{90474492-F182-4664-BF00-78AE1B7E5E06}.Release|Any CPU.Build.0 = Release|Any CPU
		{EFA17DD7-4D2C-4B5F-B5EE-D2D97728EE85}.Debug|Any CPU.ActiveCfg = Debug|Any CPU
		{EFA17DD7-4D2C-4B5F-B5EE-D2D97728EE85}.Debug|Any CPU.Build.0 = Debug|Any CPU
		{EFA17DD7-4D2C-4B5F-B5EE-D2D97728EE85}.Release|Any CPU.ActiveCfg = Release|Any CPU
		{EFA17DD7-4D2C-4B5F-B5EE-D2D97728EE85}.Release|Any CPU.Build.0 = Release|Any CPU
		{856BBF82-68A8-450E-B5F0-7AA89EA80D44}.Debug|Any CPU.ActiveCfg = Debug|Any CPU
		{856BBF82-68A8-450E-B5F0-7AA89EA80D44}.Debug|Any CPU.Build.0 = Debug|Any CPU
		{856BBF82-68A8-450E-B5F0-7AA89EA80D44}.Release|Any CPU.ActiveCfg = Release|Any CPU
		{856BBF82-68A8-450E-B5F0-7AA89EA80D44}.Release|Any CPU.Build.0 = Release|Any CPU
		{020BF603-23DF-46E3-9100-B7EB394185A8}.Debug|Any CPU.ActiveCfg = Debug|Any CPU
		{020BF603-23DF-46E3-9100-B7EB394185A8}.Debug|Any CPU.Build.0 = Debug|Any CPU
		{020BF603-23DF-46E3-9100-B7EB394185A8}.Release|Any CPU.ActiveCfg = Release|Any CPU
		{020BF603-23DF-46E3-9100-B7EB394185A8}.Release|Any CPU.Build.0 = Release|Any CPU
	EndGlobalSection
EndGlobal
